PODS:
  - BSImagePicker (3.3.1)
  - Flutter (1.0.0)
  - flutter_file_dialog (0.0.1):
    - Flutter
  - image_picker (0.0.1):
    - Flutter
  - multi_image_picker2 (5.0.00):
    - BSImagePicker (~> 3.3.1)
    - Flutter
  - open_file (0.0.1):
    - Flutter
  - path_provider (0.0.1):
    - Flutter

DEPENDENCIES:
  - Flutter (from `Flutter`)
  - flutter_file_dialog (from `.symlinks/plugins/flutter_file_dialog/ios`)
  - image_picker (from `.symlinks/plugins/image_picker/ios`)
  - multi_image_picker2 (from `.symlinks/plugins/multi_image_picker2/ios`)
  - open_file (from `.symlinks/plugins/open_file/ios`)
  - path_provider (from `.symlinks/plugins/path_provider/ios`)

SPEC REPOS:
  trunk:
    - BSImagePicker

EXTERNAL SOURCES:
  Flutter:
    :path: Flutter
  flutter_file_dialog:
    :path: ".symlinks/plugins/flutter_file_dialog/ios"
  image_picker:
    :path: ".symlinks/plugins/image_picker/ios"
  multi_image_picker2:
    :path: ".symlinks/plugins/multi_image_picker2/ios"
  open_file:
    :path: ".symlinks/plugins/open_file/ios"
  path_provider:
    :path: ".symlinks/plugins/path_provider/ios"

SPEC CHECKSUMS:
  BSImagePicker: 0fe04b574d4d6b81093785d2af6c26227efc8428
  Flutter: 50d75fe2f02b26cc09d224853bb45737f8b3214a
  flutter_file_dialog: 4c014a45b105709a27391e266c277d7e588e9299
  image_picker: 9aa50e1d8cdacdbed739e925b7eea16d014367e6
  multi_image_picker2: f81a13124e7a2bc48e7d15ee539a5f8b9ff4d407
  open_file: 02eb5cb6b21264bd3a696876f5afbfb7ca4f4b7d
  path_provider: d1e9807085df1f9cc9318206cd649dc0b76be3de

PODFILE CHECKSUM: fe0e1ee7f3d1f7d00b11b474b62dd62134535aea

COCOAPODS: 1.10.1
